{
    "_readme": [
        "This file locks the dependencies of your project to a known state",
        "Read more about it at https://getcomposer.org/doc/01-basic-usage.md#composer-lock-the-lock-file",
        "This file is @generated automatically"
    ],
    "hash": "6f12103fd91314149e6aea9cbb48c5a0",
    "content-hash": "7eaf8a1d4a3ad6d86ad2530cdf684785",
    "packages": [
        {
            "name": "guzzlehttp/guzzle",
            "version": "6.2.1",
            "source": {
                "type": "git",
                "url": "https://github.com/guzzle/guzzle.git",
                "reference": "3f808fba627f2c5b69e2501217bf31af349c1427"
            },
            "dist": {
                "type": "zip",
                "url": "https://api.github.com/repos/guzzle/guzzle/zipball/3f808fba627f2c5b69e2501217bf31af349c1427",
                "reference": "3f808fba627f2c5b69e2501217bf31af349c1427",
                "shasum": ""
            },
            "require": {
                "guzzlehttp/promises": "^1.0",
                "guzzlehttp/psr7": "^1.3.1",
                "php": ">=5.5"
            },
            "require-dev": {
                "ext-curl": "*",
                "phpunit/phpunit": "^4.0",
                "psr/log": "^1.0"
            },
            "type": "library",
            "extra": {
                "branch-alias": {
                    "dev-master": "6.2-dev"
                }
            },
            "autoload": {
                "files": [
                    "src/functions_include.php"
                ],
                "psr-4": {
                    "GuzzleHttp\\": "src/"
                }
            },
            "notification-url": "https://packagist.org/downloads/",
            "license": [
                "MIT"
            ],
            "authors": [
                {
                    "name": "Michael Dowling",
                    "email": "mtdowling@gmail.com",
                    "homepage": "https://github.com/mtdowling"
                }
            ],
            "description": "Guzzle is a PHP HTTP client library",
            "homepage": "http://guzzlephp.org/",
            "keywords": [
                "client",
                "curl",
                "framework",
                "http",
                "http client",
                "rest",
                "web service"
            ],
            "time": "2016-07-15 17:22:37"
        },
        {
            "name": "guzzlehttp/promises",
            "version": "1.2.0",
            "source": {
                "type": "git",
                "url": "https://github.com/guzzle/promises.git",
                "reference": "c10d860e2a9595f8883527fa0021c7da9e65f579"
            },
            "dist": {
                "type": "zip",
                "url": "https://api.github.com/repos/guzzle/promises/zipball/c10d860e2a9595f8883527fa0021c7da9e65f579",
                "reference": "c10d860e2a9595f8883527fa0021c7da9e65f579",
                "shasum": ""
            },
            "require": {
                "php": ">=5.5.0"
            },
            "require-dev": {
                "phpunit/phpunit": "~4.0"
            },
            "type": "library",
            "extra": {
                "branch-alias": {
                    "dev-master": "1.0-dev"
                }
            },
            "autoload": {
                "psr-4": {
                    "GuzzleHttp\\Promise\\": "src/"
                },
                "files": [
                    "src/functions_include.php"
                ]
            },
            "notification-url": "https://packagist.org/downloads/",
            "license": [
                "MIT"
            ],
            "authors": [
                {
                    "name": "Michael Dowling",
                    "email": "mtdowling@gmail.com",
                    "homepage": "https://github.com/mtdowling"
                }
            ],
            "description": "Guzzle promises library",
            "keywords": [
                "promise"
            ],
            "time": "2016-05-18 16:56:05"
        },
        {
            "name": "guzzlehttp/psr7",
            "version": "1.3.1",
            "source": {
                "type": "git",
                "url": "https://github.com/guzzle/psr7.git",
                "reference": "5c6447c9df362e8f8093bda8f5d8873fe5c7f65b"
            },
            "dist": {
                "type": "zip",
                "url": "https://api.github.com/repos/guzzle/psr7/zipball/5c6447c9df362e8f8093bda8f5d8873fe5c7f65b",
                "reference": "5c6447c9df362e8f8093bda8f5d8873fe5c7f65b",
                "shasum": ""
            },
            "require": {
                "php": ">=5.4.0",
                "psr/http-message": "~1.0"
            },
            "provide": {
                "psr/http-message-implementation": "1.0"
            },
            "require-dev": {
                "phpunit/phpunit": "~4.0"
            },
            "type": "library",
            "extra": {
                "branch-alias": {
                    "dev-master": "1.4-dev"
                }
            },
            "autoload": {
                "psr-4": {
                    "GuzzleHttp\\Psr7\\": "src/"
                },
                "files": [
                    "src/functions_include.php"
                ]
            },
            "notification-url": "https://packagist.org/downloads/",
            "license": [
                "MIT"
            ],
            "authors": [
                {
                    "name": "Michael Dowling",
                    "email": "mtdowling@gmail.com",
                    "homepage": "https://github.com/mtdowling"
                }
            ],
            "description": "PSR-7 message implementation",
            "keywords": [
                "http",
                "message",
                "stream",
                "uri"
            ],
            "time": "2016-06-24 23:00:38"
        },
        {
            "name": "jaspervdm/pogoprotos-php",
            "version": "dev-master",
            "source": {
                "type": "git",
                "url": "https://github.com/jaspervdm/pogoprotos-php.git",
                "reference": "d58e28e3fd3f2c3c4dd061fbe5e67ec6decbf17a"
            },
            "dist": {
                "type": "zip",
                "url": "https://api.github.com/repos/jaspervdm/pogoprotos-php/zipball/d58e28e3fd3f2c3c4dd061fbe5e67ec6decbf17a",
                "reference": "d58e28e3fd3f2c3c4dd061fbe5e67ec6decbf17a",
                "shasum": ""
            },
            "require": {
                "php": ">=5.5",
                "protobuf-php/protobuf": "~0.1"
            },
            "require-dev": {
                "protobuf-php/protobuf-plugin": "~0.1"
            },
            "type": "library",
            "autoload": {
                "classmap": [
                    "src/"
                ]
            },
            "notification-url": "https://packagist.org/downloads/",
            "license": [
                "MIT"
            ],
            "authors": [
                {
                    "name": "jaspervdm",
                    "homepage": "https://github.com/jaspervdm",
                    "role": "Owner"
                },
                {
                    "name": "DrDelay",
                    "homepage": "https://github.com/DrDelay",
                    "role": "Collaborator"
                }
            ],
            "description": "Compiled PHP protobufs for pokemon go",
            "homepage": "https://github.com/jaspervdm/pogoprotos-php",
            "keywords": [
                "PoGo",
                "pokemon",
                "pokemon-go",
                "protobuf",
                "protos"
            ],
            "time": "2016-08-18 00:43:21"
        },
        {
            "name": "nicklasw/s2-geometry-library-php",
            "version": "dev-master",
            "source": {
                "type": "git",
                "url": "https://github.com/NicklasWallgren/s2-geometry-library-php.git",
                "reference": "7b70a341ba75290d526335f9874307df2306a540"
            },
            "dist": {
                "type": "zip",
                "url": "https://api.github.com/repos/NicklasWallgren/s2-geometry-library-php/zipball/7b70a341ba75290d526335f9874307df2306a540",
                "reference": "7b70a341ba75290d526335f9874307df2306a540",
                "shasum": ""
            },
            "require-dev": {
                "phpunit/phpunit": "^5.4"
            },
            "type": "library",
            "autoload": {
                "psr-4": {
                    "": "src/"
                }
            },
            "notification-url": "https://packagist.org/downloads/",
            "description": "Fork - Port of s2-geometry-library-java into PHP",
            "time": "2016-08-02 15:06:32"
        },
        {
            "name": "pogo-php/pogoencrypt-php",
            "version": "1.0",
            "source": {
                "type": "git",
                "url": "https://github.com/POGO-PHP/POGOEncrypt-PHP.git",
                "reference": "5cae1dc43e6a58d56ed83b18edffa3f81fcc034f"
            },
            "dist": {
                "type": "zip",
                "url": "https://api.github.com/repos/POGO-PHP/POGOEncrypt-PHP/zipball/5cae1dc43e6a58d56ed83b18edffa3f81fcc034f",
                "reference": "5cae1dc43e6a58d56ed83b18edffa3f81fcc034f",
                "shasum": ""
            },
            "require": {
                "php": ">=5.5"
            },
            "type": "library",
            "autoload": {
                "psr-4": {
                    "POGOEncrypt\\": "src/"
                }
            },
            "notification-url": "https://packagist.org/downloads/",
            "description": "Pure PHP implementation of Pokemon Go encrypt.c",
            "time": "2016-08-11 16:48:51"
        },
        {
            "name": "protobuf-php/google-protobuf-proto",
            "version": "dev-master",
            "source": {
                "type": "git",
                "url": "https://github.com/protobuf-php/google-protobuf-proto.git",
                "reference": "da1827b4a23fccd4eb998a8d4bcd972f2330bc29"
            },
            "dist": {
                "type": "zip",
                "url": "https://api.github.com/repos/protobuf-php/google-protobuf-proto/zipball/da1827b4a23fccd4eb998a8d4bcd972f2330bc29",
                "reference": "da1827b4a23fccd4eb998a8d4bcd972f2330bc29",
                "shasum": ""
            },
            "require": {
                "php": ">=5.5.0"
            },
            "require-dev": {
                "protobuf-php/protobuf-plugin": ">=0.1"
            },
            "type": "library",
            "extra": {
                "branch-alias": {
                    "dev-master": "0.1.x-dev"
                }
            },
            "autoload": {
                "psr-0": {
                    "google\\protobuf": "src/"
                }
            },
            "notification-url": "https://packagist.org/downloads/",
            "license": [
                "MIT"
            ],
            "authors": [
                {
                    "name": "Fabio B. Silva",
                    "email": "fabio.bat.silva@gmail.com",
                    "homepage": "https://github.com/FabioBatSilva"
                }
            ],
            "description": "Protocol Buffers classes from Google's Protocol Buffers Compiler",
            "homepage": "https://github.com/protobuf-php/google-protobuf-proto",
            "keywords": [
                "protobuf",
                "protocol buffer",
                "serializing"
            ],
            "time": "2016-08-04 03:14:12"
        },
        {
            "name": "protobuf-php/protobuf",
            "version": "v0.1.2",
            "source": {
                "type": "git",
                "url": "https://github.com/protobuf-php/protobuf.git",
                "reference": "29c66d295370e0772ffdaab308be6a78d16041bc"
            },
            "dist": {
                "type": "zip",
                "url": "https://api.github.com/repos/protobuf-php/protobuf/zipball/29c66d295370e0772ffdaab308be6a78d16041bc",
                "reference": "29c66d295370e0772ffdaab308be6a78d16041bc",
                "shasum": ""
            },
            "require": {
                "ext-mbstring": "*",
                "php": ">=5.5.0"
            },
            "require-dev": {
                "instaclick/coding-standard": "^1.1",
                "instaclick/object-calisthenics-sniffs": "dev-master",
                "instaclick/symfony2-coding-standard": "dev-remaster",
                "php-mock/php-mock-phpunit": "^0.2",
                "phpunit/phpunit": "^4",
                "protobuf-php/protobuf-plugin": ">=0.1",
                "satooshi/php-coveralls": "^0.6",
                "squizlabs/php_codesniffer": "^1.5"
            },
            "type": "library",
            "extra": {
                "branch-alias": {
                    "dev-master": "0.1.x-dev"
                }
            },
            "autoload": {
                "psr-4": {
                    "Protobuf\\": "src/"
                }
            },
            "notification-url": "https://packagist.org/downloads/",
            "license": [
                "MIT"
            ],
            "authors": [
                {
                    "name": "Fabio B. Silva",
                    "email": "fabio.bat.silva@gmail.com",
                    "homepage": "https://github.com/FabioBatSilva"
                },
                {
                    "name": "Iván -DrSlump- Montes",
                    "email": "drslump@pollinimini.net",
                    "homepage": "https://github.com/drslump"
                }
            ],
            "description": "PHP implementation of Google's Protocol Buffers",
            "homepage": "https://github.com/protobuf-php/protobuf",
            "keywords": [
                "protobuf",
                "protocol buffer",
                "serializing"
            ],
            "time": "2016-08-04 03:18:49"
        },
        {
            "name": "psr/http-message",
            "version": "1.0.1",
            "source": {
                "type": "git",
                "url": "https://github.com/php-fig/http-message.git",
                "reference": "f6561bf28d520154e4b0ec72be95418abe6d9363"
            },
            "dist": {
                "type": "zip",
                "url": "https://api.github.com/repos/php-fig/http-message/zipball/f6561bf28d520154e4b0ec72be95418abe6d9363",
                "reference": "f6561bf28d520154e4b0ec72be95418abe6d9363",
                "shasum": ""
            },
            "require": {
                "php": ">=5.3.0"
            },
            "type": "library",
            "extra": {
                "branch-alias": {
                    "dev-master": "1.0.x-dev"
                }
            },
            "autoload": {
                "psr-4": {
                    "Psr\\Http\\Message\\": "src/"
                }
            },
            "notification-url": "https://packagist.org/downloads/",
            "license": [
                "MIT"
            ],
            "authors": [
                {
                    "name": "PHP-FIG",
                    "homepage": "http://www.php-fig.org/"
                }
            ],
            "description": "Common interface for HTTP messages",
            "homepage": "https://github.com/php-fig/http-message",
            "keywords": [
                "http",
                "http-message",
                "psr",
                "psr-7",
                "request",
                "response"
            ],
            "time": "2016-08-06 14:39:51"
        }
    ],
    "packages-dev": [],
    "aliases": [],
    "minimum-stability": "stable",
    "stability-flags": {
        "nicklasw/s2-geometry-library-php": 20,
        "protobuf-php/google-protobuf-proto": 20,
        "jaspervdm/pogoprotos-php": 20
    },
    "prefer-stable": false,
    "prefer-lowest": false,
    "platform": {
        "php": "^7.0"
    },
    "platform-dev": []
}
